// !$*UTF8*$!
{
	archiveVersion = 1;
	classes = {
	};
	objectVersion = 46;
	objects = {

/* Begin PBXBuildFile section */
		43AA26E61670E1E7004010E6 /* UIKit.framework in Frameworks */ = {isa = PBXBuildFile; fileRef = 43AA26E51670E1E7004010E6 /* UIKit.framework */; };
		43AA26E81670E1E7004010E6 /* Foundation.framework in Frameworks */ = {isa = PBXBuildFile; fileRef = 43AA26E71670E1E7004010E6 /* Foundation.framework */; };
		43AA26EA1670E1E7004010E6 /* CoreGraphics.framework in Frameworks */ = {isa = PBXBuildFile; fileRef = 43AA26E91670E1E7004010E6 /* CoreGraphics.framework */; };
		43AA26F01670E1E7004010E6 /* InfoPlist.strings in Resources */ = {isa = PBXBuildFile; fileRef = 43AA26EE1670E1E7004010E6 /* InfoPlist.strings */; };
		43AA26F21670E1E7004010E6 /* main.m in Sources */ = {isa = PBXBuildFile; fileRef = 43AA26F11670E1E7004010E6 /* main.m */; };
		43AA26F61670E1E7004010E6 /* AODAppDelegate.m in Sources */ = {isa = PBXBuildFile; fileRef = 43AA26F51670E1E7004010E6 /* AODAppDelegate.m */; };
		43AA26F81670E1E7004010E6 /* Default.png in Resources */ = {isa = PBXBuildFile; fileRef = 43AA26F71670E1E7004010E6 /* Default.png */; };
		43AA26FA1670E1E7004010E6 /* Default@2x.png in Resources */ = {isa = PBXBuildFile; fileRef = 43AA26F91670E1E7004010E6 /* Default@2x.png */; };
		43AA26FC1670E1E7004010E6 /* Default-568h@2x.png in Resources */ = {isa = PBXBuildFile; fileRef = 43AA26FB1670E1E7004010E6 /* Default-568h@2x.png */; };
		43AA27111670E3CF004010E6 /* AODViewController.m in Sources */ = {isa = PBXBuildFile; fileRef = 43AA270F1670E3CF004010E6 /* AODViewController.m */; };
		43AA27121670E3CF004010E6 /* AODViewController.xib in Resources */ = {isa = PBXBuildFile; fileRef = 43AA27101670E3CF004010E6 /* AODViewController.xib */; };
		43AA27241670E3E5004010E6 /* GDataXMLElement+stuff.m in Sources */ = {isa = PBXBuildFile; fileRef = 43AA27151670E3E5004010E6 /* GDataXMLElement+stuff.m */; };
		43AA27251670E3E5004010E6 /* KBAPIConnection.m in Sources */ = {isa = PBXBuildFile; fileRef = 43AA27171670E3E5004010E6 /* KBAPIConnection.m */; };
		43AA27261670E3E5004010E6 /* KBAPIRequest.m in Sources */ = {isa = PBXBuildFile; fileRef = 43AA27191670E3E5004010E6 /* KBAPIRequest.m */; };
		43AA27271670E3E5004010E6 /* KBAutoEntity.m in Sources */ = {isa = PBXBuildFile; fileRef = 43AA271C1670E3E5004010E6 /* KBAutoEntity.m */; };
		43AA27281670E3E5004010E6 /* KBAutoField.m in Sources */ = {isa = PBXBuildFile; fileRef = 43AA271E1670E3E5004010E6 /* KBAutoField.m */; };
		43AA27291670E3E5004010E6 /* KBEntityList.m in Sources */ = {isa = PBXBuildFile; fileRef = 43AA27211670E3E5004010E6 /* KBEntityList.m */; };
		43AA272A1670E3E5004010E6 /* KBNetworkIndicator.m in Sources */ = {isa = PBXBuildFile; fileRef = 43AA27231670E3E5004010E6 /* KBNetworkIndicator.m */; };
		43AA272F1670E3FD004010E6 /* GDataXMLNode.m in Sources */ = {isa = PBXBuildFile; fileRef = 43AA272E1670E3FD004010E6 /* GDataXMLNode.m */; };
		43AA27371670E971004010E6 /* AODRequest.m in Sources */ = {isa = PBXBuildFile; fileRef = 43AA27361670E971004010E6 /* AODRequest.m */; };
		43AA273A1670E9E3004010E6 /* AODMain.m in Sources */ = {isa = PBXBuildFile; fileRef = 43AA27391670E9E3004010E6 /* AODMain.m */; };
		43AA273D1670E9F2004010E6 /* AODDummy.m in Sources */ = {isa = PBXBuildFile; fileRef = 43AA273C1670E9F2004010E6 /* AODDummy.m */; };
		43AA27401670EA85004010E6 /* AODDummyList.m in Sources */ = {isa = PBXBuildFile; fileRef = 43AA273F1670EA85004010E6 /* AODDummyList.m */; };
		43AA27421670EECC004010E6 /* libxml2.dylib in Frameworks */ = {isa = PBXBuildFile; fileRef = 43AA27411670EECC004010E6 /* libxml2.dylib */; };
/* End PBXBuildFile section */

/* Begin PBXFileReference section */
		43AA26E11670E1E7004010E6 /* KBAPISupport-AutoObjects-Demo.app */ = {isa = PBXFileReference; explicitFileType = wrapper.application; includeInIndex = 0; path = "KBAPISupport-AutoObjects-Demo.app"; sourceTree = BUILT_PRODUCTS_DIR; };
		43AA26E51670E1E7004010E6 /* UIKit.framework */ = {isa = PBXFileReference; lastKnownFileType = wrapper.framework; name = UIKit.framework; path = System/Library/Frameworks/UIKit.framework; sourceTree = SDKROOT; };
		43AA26E71670E1E7004010E6 /* Foundation.framework */ = {isa = PBXFileReference; lastKnownFileType = wrapper.framework; name = Foundation.framework; path = System/Library/Frameworks/Foundation.framework; sourceTree = SDKROOT; };
		43AA26E91670E1E7004010E6 /* CoreGraphics.framework */ = {isa = PBXFileReference; lastKnownFileType = wrapper.framework; name = CoreGraphics.framework; path = System/Library/Frameworks/CoreGraphics.framework; sourceTree = SDKROOT; };
		43AA26ED1670E1E7004010E6 /* KBAPISupport-AutoObjects-Demo-Info.plist */ = {isa = PBXFileReference; lastKnownFileType = text.plist.xml; path = "KBAPISupport-AutoObjects-Demo-Info.plist"; sourceTree = "<group>"; };
		43AA26EF1670E1E7004010E6 /* en */ = {isa = PBXFileReference; lastKnownFileType = text.plist.strings; name = en; path = en.lproj/InfoPlist.strings; sourceTree = "<group>"; };
		43AA26F11670E1E7004010E6 /* main.m */ = {isa = PBXFileReference; lastKnownFileType = sourcecode.c.objc; path = main.m; sourceTree = "<group>"; };
		43AA26F31670E1E7004010E6 /* KBAPISupport-AutoObjects-Demo-Prefix.pch */ = {isa = PBXFileReference; lastKnownFileType = sourcecode.c.h; path = "KBAPISupport-AutoObjects-Demo-Prefix.pch"; sourceTree = "<group>"; };
		43AA26F41670E1E7004010E6 /* AODAppDelegate.h */ = {isa = PBXFileReference; lastKnownFileType = sourcecode.c.h; name = AODAppDelegate.h; path = "KBAPISupport-AutoObjects-Demo/AODAppDelegate.h"; sourceTree = "<group>"; };
		43AA26F51670E1E7004010E6 /* AODAppDelegate.m */ = {isa = PBXFileReference; lastKnownFileType = sourcecode.c.objc; name = AODAppDelegate.m; path = "KBAPISupport-AutoObjects-Demo/AODAppDelegate.m"; sourceTree = "<group>"; };
		43AA26F71670E1E7004010E6 /* Default.png */ = {isa = PBXFileReference; lastKnownFileType = image.png; path = Default.png; sourceTree = "<group>"; };
		43AA26F91670E1E7004010E6 /* Default@2x.png */ = {isa = PBXFileReference; lastKnownFileType = image.png; path = "Default@2x.png"; sourceTree = "<group>"; };
		43AA26FB1670E1E7004010E6 /* Default-568h@2x.png */ = {isa = PBXFileReference; lastKnownFileType = image.png; path = "Default-568h@2x.png"; sourceTree = "<group>"; };
		43AA270E1670E3CF004010E6 /* AODViewController.h */ = {isa = PBXFileReference; fileEncoding = 4; lastKnownFileType = sourcecode.c.h; path = AODViewController.h; sourceTree = "<group>"; };
		43AA270F1670E3CF004010E6 /* AODViewController.m */ = {isa = PBXFileReference; fileEncoding = 4; lastKnownFileType = sourcecode.c.objc; path = AODViewController.m; sourceTree = "<group>"; };
		43AA27101670E3CF004010E6 /* AODViewController.xib */ = {isa = PBXFileReference; fileEncoding = 4; lastKnownFileType = file.xib; path = AODViewController.xib; sourceTree = "<group>"; };
		43AA27141670E3E5004010E6 /* GDataXMLElement+stuff.h */ = {isa = PBXFileReference; fileEncoding = 4; lastKnownFileType = sourcecode.c.h; path = "GDataXMLElement+stuff.h"; sourceTree = "<group>"; };
		43AA27151670E3E5004010E6 /* GDataXMLElement+stuff.m */ = {isa = PBXFileReference; fileEncoding = 4; lastKnownFileType = sourcecode.c.objc; path = "GDataXMLElement+stuff.m"; sourceTree = "<group>"; };
		43AA27161670E3E5004010E6 /* KBAPIConnection.h */ = {isa = PBXFileReference; fileEncoding = 4; lastKnownFileType = sourcecode.c.h; path = KBAPIConnection.h; sourceTree = "<group>"; };
		43AA27171670E3E5004010E6 /* KBAPIConnection.m */ = {isa = PBXFileReference; fileEncoding = 4; lastKnownFileType = sourcecode.c.objc; path = KBAPIConnection.m; sourceTree = "<group>"; };
		43AA27181670E3E5004010E6 /* KBAPIRequest.h */ = {isa = PBXFileReference; fileEncoding = 4; lastKnownFileType = sourcecode.c.h; path = KBAPIRequest.h; sourceTree = "<group>"; };
		43AA27191670E3E5004010E6 /* KBAPIRequest.m */ = {isa = PBXFileReference; fileEncoding = 4; lastKnownFileType = sourcecode.c.objc; path = KBAPIRequest.m; sourceTree = "<group>"; };
		43AA271A1670E3E5004010E6 /* KBAPISupport.h */ = {isa = PBXFileReference; fileEncoding = 4; lastKnownFileType = sourcecode.c.h; path = KBAPISupport.h; sourceTree = "<group>"; };
		43AA271B1670E3E5004010E6 /* KBAutoEntity.h */ = {isa = PBXFileReference; fileEncoding = 4; lastKnownFileType = sourcecode.c.h; path = KBAutoEntity.h; sourceTree = "<group>"; };
		43AA271C1670E3E5004010E6 /* KBAutoEntity.m */ = {isa = PBXFileReference; fileEncoding = 4; lastKnownFileType = sourcecode.c.objc; path = KBAutoEntity.m; sourceTree = "<group>"; };
		43AA271D1670E3E5004010E6 /* KBAutoField.h */ = {isa = PBXFileReference; fileEncoding = 4; lastKnownFileType = sourcecode.c.h; path = KBAutoField.h; sourceTree = "<group>"; };
		43AA271E1670E3E5004010E6 /* KBAutoField.m */ = {isa = PBXFileReference; fileEncoding = 4; lastKnownFileType = sourcecode.c.objc; path = KBAutoField.m; sourceTree = "<group>"; };
		43AA271F1670E3E5004010E6 /* KBEntity.h */ = {isa = PBXFileReference; fileEncoding = 4; lastKnownFileType = sourcecode.c.h; path = KBEntity.h; sourceTree = "<group>"; };
		43AA27201670E3E5004010E6 /* KBEntityList.h */ = {isa = PBXFileReference; fileEncoding = 4; lastKnownFileType = sourcecode.c.h; path = KBEntityList.h; sourceTree = "<group>"; };
		43AA27211670E3E5004010E6 /* KBEntityList.m */ = {isa = PBXFileReference; fileEncoding = 4; lastKnownFileType = sourcecode.c.objc; path = KBEntityList.m; sourceTree = "<group>"; };
		43AA27221670E3E5004010E6 /* KBNetworkIndicator.h */ = {isa = PBXFileReference; fileEncoding = 4; lastKnownFileType = sourcecode.c.h; path = KBNetworkIndicator.h; sourceTree = "<group>"; };
		43AA27231670E3E5004010E6 /* KBNetworkIndicator.m */ = {isa = PBXFileReference; fileEncoding = 4; lastKnownFileType = sourcecode.c.objc; path = KBNetworkIndicator.m; sourceTree = "<group>"; };
		43AA272D1670E3FD004010E6 /* GDataXMLNode.h */ = {isa = PBXFileReference; fileEncoding = 4; lastKnownFileType = sourcecode.c.h; path = GDataXMLNode.h; sourceTree = "<group>"; };
		43AA272E1670E3FD004010E6 /* GDataXMLNode.m */ = {isa = PBXFileReference; fileEncoding = 4; lastKnownFileType = sourcecode.c.objc; path = GDataXMLNode.m; sourceTree = "<group>"; };
		43AA27351670E971004010E6 /* AODRequest.h */ = {isa = PBXFileReference; fileEncoding = 4; lastKnownFileType = sourcecode.c.h; path = AODRequest.h; sourceTree = "<group>"; };
		43AA27361670E971004010E6 /* AODRequest.m */ = {isa = PBXFileReference; fileEncoding = 4; lastKnownFileType = sourcecode.c.objc; path = AODRequest.m; sourceTree = "<group>"; };
		43AA27381670E9E3004010E6 /* AODMain.h */ = {isa = PBXFileReference; fileEncoding = 4; lastKnownFileType = sourcecode.c.h; path = AODMain.h; sourceTree = "<group>"; };
		43AA27391670E9E3004010E6 /* AODMain.m */ = {isa = PBXFileReference; fileEncoding = 4; lastKnownFileType = sourcecode.c.objc; path = AODMain.m; sourceTree = "<group>"; };
		43AA273B1670E9F2004010E6 /* AODDummy.h */ = {isa = PBXFileReference; fileEncoding = 4; lastKnownFileType = sourcecode.c.h; path = AODDummy.h; sourceTree = "<group>"; };
		43AA273C1670E9F2004010E6 /* AODDummy.m */ = {isa = PBXFileReference; fileEncoding = 4; lastKnownFileType = sourcecode.c.objc; path = AODDummy.m; sourceTree = "<group>"; };
		43AA273E1670EA85004010E6 /* AODDummyList.h */ = {isa = PBXFileReference; fileEncoding = 4; lastKnownFileType = sourcecode.c.h; path = AODDummyList.h; sourceTree = "<group>"; };
		43AA273F1670EA85004010E6 /* AODDummyList.m */ = {isa = PBXFileReference; fileEncoding = 4; lastKnownFileType = sourcecode.c.objc; path = AODDummyList.m; sourceTree = "<group>"; };
		43AA27411670EECC004010E6 /* libxml2.dylib */ = {isa = PBXFileReference; lastKnownFileType = "compiled.mach-o.dylib"; name = libxml2.dylib; path = usr/lib/libxml2.dylib; sourceTree = SDKROOT; };
/* End PBXFileReference section */

/* Begin PBXFrameworksBuildPhase section */
		43AA26DE1670E1E7004010E6 /* Frameworks */ = {
			isa = PBXFrameworksBuildPhase;
			buildActionMask = 2147483647;
			files = (
				43AA27421670EECC004010E6 /* libxml2.dylib in Frameworks */,
				43AA26E61670E1E7004010E6 /* UIKit.framework in Frameworks */,
				43AA26E81670E1E7004010E6 /* Foundation.framework in Frameworks */,
				43AA26EA1670E1E7004010E6 /* CoreGraphics.framework in Frameworks */,
			);
			runOnlyForDeploymentPostprocessing = 0;
		};
/* End PBXFrameworksBuildPhase section */

/* Begin PBXGroup section */
		43AA26D61670E1E7004010E6 = {
			isa = PBXGroup;
			children = (
				43AA26EB1670E1E7004010E6 /* KBAPISupport-AutoObjects-Demo */,
				43AA26F41670E1E7004010E6 /* AODAppDelegate.h */,
				43AA26F51670E1E7004010E6 /* AODAppDelegate.m */,
				43AA27301670E951004010E6 /* Data */,
				43AA27311670E951004010E6 /* Network */,
				43AA270D1670E3CF004010E6 /* View */,
				43AA26EC1670E1E7004010E6 /* Supporting Files */,
				43AA26E41670E1E7004010E6 /* Frameworks */,
				43AA26E21670E1E7004010E6 /* Products */,
				43AA272B1670E3FD004010E6 /* ThirdParty */,
			);
			sourceTree = "<group>";
		};
		43AA26E21670E1E7004010E6 /* Products */ = {
			isa = PBXGroup;
			children = (
				43AA26E11670E1E7004010E6 /* KBAPISupport-AutoObjects-Demo.app */,
			);
			name = Products;
			sourceTree = "<group>";
		};
		43AA26E41670E1E7004010E6 /* Frameworks */ = {
			isa = PBXGroup;
			children = (
				43AA27131670E3E5004010E6 /* KBAPISupport */,
				43AA26E51670E1E7004010E6 /* UIKit.framework */,
				43AA26E71670E1E7004010E6 /* Foundation.framework */,
				43AA26E91670E1E7004010E6 /* CoreGraphics.framework */,
				43AA27411670EECC004010E6 /* libxml2.dylib */,
			);
			name = Frameworks;
			sourceTree = "<group>";
		};
		43AA26EB1670E1E7004010E6 /* KBAPISupport-AutoObjects-Demo */ = {
			isa = PBXGroup;
			children = (
			);
			path = "KBAPISupport-AutoObjects-Demo";
			sourceTree = "<group>";
		};
		43AA26EC1670E1E7004010E6 /* Supporting Files */ = {
			isa = PBXGroup;
			children = (
				43AA26ED1670E1E7004010E6 /* KBAPISupport-AutoObjects-Demo-Info.plist */,
				43AA26EE1670E1E7004010E6 /* InfoPlist.strings */,
				43AA26F11670E1E7004010E6 /* main.m */,
				43AA26F31670E1E7004010E6 /* KBAPISupport-AutoObjects-Demo-Prefix.pch */,
				43AA26F71670E1E7004010E6 /* Default.png */,
				43AA26F91670E1E7004010E6 /* Default@2x.png */,
				43AA26FB1670E1E7004010E6 /* Default-568h@2x.png */,
			);
			name = "Supporting Files";
			path = "KBAPISupport-AutoObjects-Demo";
			sourceTree = "<group>";
		};
		43AA270D1670E3CF004010E6 /* View */ = {
			isa = PBXGroup;
			children = (
				43AA270E1670E3CF004010E6 /* AODViewController.h */,
				43AA270F1670E3CF004010E6 /* AODViewController.m */,
				43AA27101670E3CF004010E6 /* AODViewController.xib */,
			);
			name = View;
			path = "KBAPISupport-AutoObjects-Demo/View";
			sourceTree = "<group>";
		};
		43AA27131670E3E5004010E6 /* KBAPISupport */ = {
			isa = PBXGroup;
			children = (
				43AA271A1670E3E5004010E6 /* KBAPISupport.h */,
				43AA27141670E3E5004010E6 /* GDataXMLElement+stuff.h */,
				43AA27151670E3E5004010E6 /* GDataXMLElement+stuff.m */,
				43AA27161670E3E5004010E6 /* KBAPIConnection.h */,
				43AA27171670E3E5004010E6 /* KBAPIConnection.m */,
				43AA27181670E3E5004010E6 /* KBAPIRequest.h */,
				43AA27191670E3E5004010E6 /* KBAPIRequest.m */,
				43AA271B1670E3E5004010E6 /* KBAutoEntity.h */,
				43AA271C1670E3E5004010E6 /* KBAutoEntity.m */,
				43AA271D1670E3E5004010E6 /* KBAutoField.h */,
				43AA271E1670E3E5004010E6 /* KBAutoField.m */,
				43AA271F1670E3E5004010E6 /* KBEntity.h */,
				43AA27201670E3E5004010E6 /* KBEntityList.h */,
				43AA27211670E3E5004010E6 /* KBEntityList.m */,
				43AA27221670E3E5004010E6 /* KBNetworkIndicator.h */,
				43AA27231670E3E5004010E6 /* KBNetworkIndicator.m */,
			);
			name = KBAPISupport;
			path = Source;
			sourceTree = "<group>";
		};
		43AA272B1670E3FD004010E6 /* ThirdParty */ = {
			isa = PBXGroup;
			children = (
				43AA272C1670E3FD004010E6 /* XMLSupport */,
			);
			path = ThirdParty;
			sourceTree = "<group>";
		};
		43AA272C1670E3FD004010E6 /* XMLSupport */ = {
			isa = PBXGroup;
			children = (
				43AA272D1670E3FD004010E6 /* GDataXMLNode.h */,
				43AA272E1670E3FD004010E6 /* GDataXMLNode.m */,
			);
			path = XMLSupport;
			sourceTree = "<group>";
		};
		43AA27301670E951004010E6 /* Data */ = {
			isa = PBXGroup;
			children = (
				43AA27381670E9E3004010E6 /* AODMain.h */,
				43AA27391670E9E3004010E6 /* AODMain.m */,
				43AA273B1670E9F2004010E6 /* AODDummy.h */,
				43AA273C1670E9F2004010E6 /* AODDummy.m */,
				43AA273E1670EA85004010E6 /* AODDummyList.h */,
				43AA273F1670EA85004010E6 /* AODDummyList.m */,
			);
			name = Data;
			path = "KBAPISupport-AutoObjects-Demo/Data";
			sourceTree = "<group>";
		};
		43AA27311670E951004010E6 /* Network */ = {
			isa = PBXGroup;
			children = (
				43AA27351670E971004010E6 /* AODRequest.h */,
				43AA27361670E971004010E6 /* AODRequest.m */,
			);
			name = Network;
			path = "KBAPISupport-AutoObjects-Demo/Network";
			sourceTree = "<group>";
		};
/* End PBXGroup section */

/* Begin PBXNativeTarget section */
		43AA26E01670E1E7004010E6 /* KBAPISupport-AutoObjects-Demo */ = {
			isa = PBXNativeTarget;
			buildConfigurationList = 43AA27051670E1E7004010E6 /* Build configuration list for PBXNativeTarget "KBAPISupport-AutoObjects-Demo" */;
			buildPhases = (
				43AA26DD1670E1E7004010E6 /* Sources */,
				43AA26DE1670E1E7004010E6 /* Frameworks */,
				43AA26DF1670E1E7004010E6 /* Resources */,
			);
			buildRules = (
			);
			dependencies = (
			);
			name = "KBAPISupport-AutoObjects-Demo";
			productName = "KBAPISupport-AutoObjects-Demo";
			productReference = 43AA26E11670E1E7004010E6 /* KBAPISupport-AutoObjects-Demo.app */;
			productType = "com.apple.product-type.application";
		};
/* End PBXNativeTarget section */

/* Begin PBXProject section */
		43AA26D81670E1E7004010E6 /* Project object */ = {
			isa = PBXProject;
			attributes = {
				CLASSPREFIX = AOD;
				LastUpgradeCheck = 0450;
				ORGANIZATIONNAME = "Kirill Bystrov";
			};
			buildConfigurationList = 43AA26DB1670E1E7004010E6 /* Build configuration list for PBXProject "KBAPISupport-AutoObjects-Demo" */;
			compatibilityVersion = "Xcode 3.2";
			developmentRegion = English;
			hasScannedForEncodings = 0;
			knownRegions = (
				en,
			);
			mainGroup = 43AA26D61670E1E7004010E6;
			productRefGroup = 43AA26E21670E1E7004010E6 /* Products */;
			projectDirPath = "";
			projectRoot = "";
			targets = (
				43AA26E01670E1E7004010E6 /* KBAPISupport-AutoObjects-Demo */,
			);
		};
/* End PBXProject section */

/* Begin PBXResourcesBuildPhase section */
		43AA26DF1670E1E7004010E6 /* Resources */ = {
			isa = PBXResourcesBuildPhase;
			buildActionMask = 2147483647;
			files = (
				43AA26F01670E1E7004010E6 /* InfoPlist.strings in Resources */,
				43AA26F81670E1E7004010E6 /* Default.png in Resources */,
				43AA26FA1670E1E7004010E6 /* Default@2x.png in Resources */,
				43AA26FC1670E1E7004010E6 /* Default-568h@2x.png in Resources */,
				43AA27121670E3CF004010E6 /* AODViewController.xib in Resources */,
			);
			runOnlyForDeploymentPostprocessing = 0;
		};
/* End PBXResourcesBuildPhase section */

/* Begin PBXSourcesBuildPhase section */
		43AA26DD1670E1E7004010E6 /* Sources */ = {
			isa = PBXSourcesBuildPhase;
			buildActionMask = 2147483647;
			files = (
				43AA26F21670E1E7004010E6 /* main.m in Sources */,
				43AA26F61670E1E7004010E6 /* AODAppDelegate.m in Sources */,
				43AA27111670E3CF004010E6 /* AODViewController.m in Sources */,
				43AA27241670E3E5004010E6 /* GDataXMLElement+stuff.m in Sources */,
				43AA27251670E3E5004010E6 /* KBAPIConnection.m in Sources */,
				43AA27261670E3E5004010E6 /* KBAPIRequest.m in Sources */,
				43AA27271670E3E5004010E6 /* KBAutoEntity.m in Sources */,
				43AA27281670E3E5004010E6 /* KBAutoField.m in Sources */,
				43AA27291670E3E5004010E6 /* KBEntityList.m in Sources */,
				43AA272A1670E3E5004010E6 /* KBNetworkIndicator.m in Sources */,
				43AA272F1670E3FD004010E6 /* GDataXMLNode.m in Sources */,
				43AA27371670E971004010E6 /* AODRequest.m in Sources */,
				43AA273A1670E9E3004010E6 /* AODMain.m in Sources */,
				43AA273D1670E9F2004010E6 /* AODDummy.m in Sources */,
				43AA27401670EA85004010E6 /* AODDummyList.m in Sources */,
			);
			runOnlyForDeploymentPostprocessing = 0;
		};
/* End PBXSourcesBuildPhase section */

/* Begin PBXVariantGroup section */
		43AA26EE1670E1E7004010E6 /* InfoPlist.strings */ = {
			isa = PBXVariantGroup;
			children = (
				43AA26EF1670E1E7004010E6 /* en */,
			);
			name = InfoPlist.strings;
			sourceTree = "<group>";
		};
/* End PBXVariantGroup section */

/* Begin XCBuildConfiguration section */
		43AA27031670E1E7004010E6 /* Debug */ = {
			isa = XCBuildConfiguration;
			buildSettings = {
				ALWAYS_SEARCH_USER_PATHS = NO;
				CLANG_CXX_LANGUAGE_STANDARD = "gnu++0x";
				CLANG_CXX_LIBRARY = "libc++";
				CLANG_WARN_EMPTY_BODY = YES;
				CLANG_WARN__DUPLICATE_METHOD_MATCH = YES;
				"CODE_SIGN_IDENTITY[sdk=iphoneos*]" = "iPhone Developer";
				COPY_PHASE_STRIP = NO;
				GCC_C_LANGUAGE_STANDARD = gnu99;
				GCC_DYNAMIC_NO_PIC = NO;
				GCC_OPTIMIZATION_LEVEL = 0;
				GCC_PREPROCESSOR_DEFINITIONS = (
					"DEBUG=1",
					"$(inherited)",
				);
				GCC_SYMBOLS_PRIVATE_EXTERN = NO;
				GCC_WARN_ABOUT_RETURN_TYPE = YES;
				GCC_WARN_UNINITIALIZED_AUTOS = YES;
				GCC_WARN_UNUSED_VARIABLE = YES;
				IPHONEOS_DEPLOYMENT_TARGET = 6.0;
				ONLY_ACTIVE_ARCH = YES;
				SDKROOT = iphoneos;
			};
			name = Debug;
		};
		43AA27041670E1E7004010E6 /* Release */ = {
			isa = XCBuildConfiguration;
			buildSettings = {
				ALWAYS_SEARCH_USER_PATHS = NO;
				CLANG_CXX_LANGUAGE_STANDARD = "gnu++0x";
				CLANG_CXX_LIBRARY = "libc++";
				CLANG_WARN_EMPTY_BODY = YES;
				CLANG_WARN__DUPLICATE_METHOD_MATCH = YES;
				"CODE_SIGN_IDENTITY[sdk=iphoneos*]" = "iPhone Developer";
				COPY_PHASE_STRIP = YES;
				GCC_C_LANGUAGE_STANDARD = gnu99;
				GCC_WARN_ABOUT_RETURN_TYPE = YES;
				GCC_WARN_UNINITIALIZED_AUTOS = YES;
				GCC_WARN_UNUSED_VARIABLE = YES;
				IPHONEOS_DEPLOYMENT_TARGET = 6.0;
				OTHER_CFLAGS = "-DNS_BLOCK_ASSERTIONS=1";
				SDKROOT = iphoneos;
				VALIDATE_PRODUCT = YES;
			};
			name = Release;
		};
		43AA27061670E1E7004010E6 /* Debug */ = {
			isa = XCBuildConfiguration;
			buildSettings = {
				GCC_PRECOMPILE_PREFIX_HEADER = YES;
				GCC_PREFIX_HEADER = "KBAPISupport-AutoObjects-Demo/KBAPISupport-AutoObjects-Demo-Prefix.pch";
				HEADER_SEARCH_PATHS = /usr/include/libxml2;
				INFOPLIST_FILE = "KBAPISupport-AutoObjects-Demo/KBAPISupport-AutoObjects-Demo-Info.plist";
				IPHONEOS_DEPLOYMENT_TARGET = 5.0;
				PRODUCT_NAME = "$(TARGET_NAME)";
				WRAPPER_EXTENSION = app;
			};
			name = Debug;
		};
		43AA27071670E1E7004010E6 /* Release */ = {
			isa = XCBuildConfiguration;
			buildSettings = {
				GCC_PRECOMPILE_PREFIX_HEADER = YES;
				GCC_PREFIX_HEADER = "KBAPISupport-AutoObjects-Demo/KBAPISupport-AutoObjects-Demo-Prefix.pch";
				HEADER_SEARCH_PATHS = /usr/include/libxml2;
				INFOPLIST_FILE = "KBAPISupport-AutoObjects-Demo/KBAPISupport-AutoObjects-Demo-Info.plist";
				IPHONEOS_DEPLOYMENT_TARGET = 5.0;
				PRODUCT_NAME = "$(TARGET_NAME)";
				WRAPPER_EXTENSION = app;
			};
			name = Release;
		};
/* End XCBuildConfiguration section */

/* Begin XCConfigurationList section */
		43AA26DB1670E1E7004010E6 /* Build configuration list for PBXProject "KBAPISupport-AutoObjects-Demo" */ = {
			isa = XCConfigurationList;
			buildConfigurations = (
				43AA27031670E1E7004010E6 /* Debug */,
				43AA27041670E1E7004010E6 /* Release */,
			);
			defaultConfigurationIsVisible = 0;
			defaultConfigurationName = Release;
		};
		43AA27051670E1E7004010E6 /* Build configuration list for PBXNativeTarget "KBAPISupport-AutoObjects-Demo" */ = {
			isa = XCConfigurationList;
			buildConfigurations = (
				43AA27061670E1E7004010E6 /* Debug */,
				43AA27071670E1E7004010E6 /* Release */,
			);
			defaultConfigurationIsVisible = 0;
			defaultConfigurationName = Release;
		};
/* End XCConfigurationList section */
	};
	rootObject = 43AA26D81670E1E7004010E6 /* Project object */;
}
