// !$*UTF8*$!
{
	archiveVersion = 1;
	classes = {
	};
	objectVersion = 46;
	objects = {

/* Begin PBXBuildFile section */
		43138EAE16A8438B0065EBA7 /* KBAutoEntity.m in Sources */ = {isa = PBXBuildFile; fileRef = 43138EAA16A8438B0065EBA7 /* KBAutoEntity.m */; };
		43138EAF16A8438B0065EBA7 /* KBAutoField.m in Sources */ = {isa = PBXBuildFile; fileRef = 43138EAC16A8438B0065EBA7 /* KBAutoField.m */; };
		43CCF12C166A6F8E003EAE42 /* UIKit.framework in Frameworks */ = {isa = PBXBuildFile; fileRef = 43CCF12B166A6F8E003EAE42 /* UIKit.framework */; };
		43CCF12E166A6F8E003EAE42 /* Foundation.framework in Frameworks */ = {isa = PBXBuildFile; fileRef = 43CCF12D166A6F8E003EAE42 /* Foundation.framework */; };
		43CCF130166A6F8E003EAE42 /* CoreGraphics.framework in Frameworks */ = {isa = PBXBuildFile; fileRef = 43CCF12F166A6F8E003EAE42 /* CoreGraphics.framework */; };
		43CCF136166A6F8E003EAE42 /* InfoPlist.strings in Resources */ = {isa = PBXBuildFile; fileRef = 43CCF134166A6F8E003EAE42 /* InfoPlist.strings */; };
		43CCF138166A6F8E003EAE42 /* main.m in Sources */ = {isa = PBXBuildFile; fileRef = 43CCF137166A6F8E003EAE42 /* main.m */; };
		43CCF13C166A6F8E003EAE42 /* NADAppDelegate.m in Sources */ = {isa = PBXBuildFile; fileRef = 43CCF13B166A6F8E003EAE42 /* NADAppDelegate.m */; };
		43CCF13E166A6F8E003EAE42 /* Default.png in Resources */ = {isa = PBXBuildFile; fileRef = 43CCF13D166A6F8E003EAE42 /* Default.png */; };
		43CCF140166A6F8E003EAE42 /* Default@2x.png in Resources */ = {isa = PBXBuildFile; fileRef = 43CCF13F166A6F8E003EAE42 /* Default@2x.png */; };
		43CCF142166A6F8E003EAE42 /* Default-568h@2x.png in Resources */ = {isa = PBXBuildFile; fileRef = 43CCF141166A6F8E003EAE42 /* Default-568h@2x.png */; };
		43CCF15F166A7037003EAE42 /* GDataXMLElement+stuff.m in Sources */ = {isa = PBXBuildFile; fileRef = 43CCF154166A7037003EAE42 /* GDataXMLElement+stuff.m */; };
		43CCF160166A7037003EAE42 /* KBAPIConnection.m in Sources */ = {isa = PBXBuildFile; fileRef = 43CCF156166A7037003EAE42 /* KBAPIConnection.m */; };
		43CCF161166A7037003EAE42 /* KBAPIRequest.m in Sources */ = {isa = PBXBuildFile; fileRef = 43CCF158166A7037003EAE42 /* KBAPIRequest.m */; };
		43CCF162166A7037003EAE42 /* KBEntityList.m in Sources */ = {isa = PBXBuildFile; fileRef = 43CCF15C166A7037003EAE42 /* KBEntityList.m */; };
		43CCF163166A7037003EAE42 /* KBNetworkIndicator.m in Sources */ = {isa = PBXBuildFile; fileRef = 43CCF15E166A7037003EAE42 /* KBNetworkIndicator.m */; };
		43CCF179166A710D003EAE42 /* GDataXMLNode.m in Sources */ = {isa = PBXBuildFile; fileRef = 43CCF178166A710D003EAE42 /* GDataXMLNode.m */; };
		43CCF17B166A7157003EAE42 /* libxml2.dylib in Frameworks */ = {isa = PBXBuildFile; fileRef = 43CCF17A166A7157003EAE42 /* libxml2.dylib */; };
		43CCF17F166A79C6003EAE42 /* NADSplashVC.m in Sources */ = {isa = PBXBuildFile; fileRef = 43CCF17D166A79C4003EAE42 /* NADSplashVC.m */; };
		43CCF180166A79C6003EAE42 /* NADSplashVC.xib in Resources */ = {isa = PBXBuildFile; fileRef = 43CCF17E166A79C5003EAE42 /* NADSplashVC.xib */; };
		43CCF189166A7BBA003EAE42 /* NADViewController.m in Sources */ = {isa = PBXBuildFile; fileRef = 43CCF187166A7BBA003EAE42 /* NADViewController.m */; };
		43CCF18A166A7BBA003EAE42 /* NADViewController.xib in Resources */ = {isa = PBXBuildFile; fileRef = 43CCF188166A7BBA003EAE42 /* NADViewController.xib */; };
		43CCF18F166A7CA6003EAE42 /* NADIndexRequest.m in Sources */ = {isa = PBXBuildFile; fileRef = 43CCF18E166A7CA6003EAE42 /* NADIndexRequest.m */; };
		43CCF196166A970E003EAE42 /* NADConcreteDataRequest.m in Sources */ = {isa = PBXBuildFile; fileRef = 43CCF195166A970E003EAE42 /* NADConcreteDataRequest.m */; };
/* End PBXBuildFile section */

/* Begin PBXFileReference section */
		43138EA616A8437D0065EBA7 /* KBAPISupport-config.h */ = {isa = PBXFileReference; fileEncoding = 4; lastKnownFileType = sourcecode.c.h; path = "KBAPISupport-config.h"; sourceTree = "<group>"; };
		43138EA716A8437D0065EBA7 /* KBAPISupport-debug.h */ = {isa = PBXFileReference; fileEncoding = 4; lastKnownFileType = sourcecode.c.h; path = "KBAPISupport-debug.h"; sourceTree = "<group>"; };
		43138EA916A8438B0065EBA7 /* KBAutoEntity.h */ = {isa = PBXFileReference; fileEncoding = 4; lastKnownFileType = sourcecode.c.h; path = KBAutoEntity.h; sourceTree = "<group>"; };
		43138EAA16A8438B0065EBA7 /* KBAutoEntity.m */ = {isa = PBXFileReference; fileEncoding = 4; lastKnownFileType = sourcecode.c.objc; path = KBAutoEntity.m; sourceTree = "<group>"; };
		43138EAB16A8438B0065EBA7 /* KBAutoField.h */ = {isa = PBXFileReference; fileEncoding = 4; lastKnownFileType = sourcecode.c.h; path = KBAutoField.h; sourceTree = "<group>"; };
		43138EAC16A8438B0065EBA7 /* KBAutoField.m */ = {isa = PBXFileReference; fileEncoding = 4; lastKnownFileType = sourcecode.c.objc; path = KBAutoField.m; sourceTree = "<group>"; };
		43138EAD16A8438B0065EBA7 /* KBAutoFieldMacros.gen.h */ = {isa = PBXFileReference; fileEncoding = 4; lastKnownFileType = sourcecode.c.h; path = KBAutoFieldMacros.gen.h; sourceTree = "<group>"; };
		43CCF127166A6F8D003EAE42 /* KBAPISupport-Non-ARC-Demo.app */ = {isa = PBXFileReference; explicitFileType = wrapper.application; includeInIndex = 0; path = "KBAPISupport-Non-ARC-Demo.app"; sourceTree = BUILT_PRODUCTS_DIR; };
		43CCF12B166A6F8E003EAE42 /* UIKit.framework */ = {isa = PBXFileReference; lastKnownFileType = wrapper.framework; name = UIKit.framework; path = System/Library/Frameworks/UIKit.framework; sourceTree = SDKROOT; };
		43CCF12D166A6F8E003EAE42 /* Foundation.framework */ = {isa = PBXFileReference; lastKnownFileType = wrapper.framework; name = Foundation.framework; path = System/Library/Frameworks/Foundation.framework; sourceTree = SDKROOT; };
		43CCF12F166A6F8E003EAE42 /* CoreGraphics.framework */ = {isa = PBXFileReference; lastKnownFileType = wrapper.framework; name = CoreGraphics.framework; path = System/Library/Frameworks/CoreGraphics.framework; sourceTree = SDKROOT; };
		43CCF133166A6F8E003EAE42 /* KBAPISupport-Non-ARC-Demo-Info.plist */ = {isa = PBXFileReference; lastKnownFileType = text.plist.xml; path = "KBAPISupport-Non-ARC-Demo-Info.plist"; sourceTree = "<group>"; };
		43CCF135166A6F8E003EAE42 /* en */ = {isa = PBXFileReference; lastKnownFileType = text.plist.strings; name = en; path = en.lproj/InfoPlist.strings; sourceTree = "<group>"; };
		43CCF137166A6F8E003EAE42 /* main.m */ = {isa = PBXFileReference; lastKnownFileType = sourcecode.c.objc; path = main.m; sourceTree = "<group>"; };
		43CCF139166A6F8E003EAE42 /* KBAPISupport-Non-ARC-Demo-Prefix.pch */ = {isa = PBXFileReference; lastKnownFileType = sourcecode.c.h; path = "KBAPISupport-Non-ARC-Demo-Prefix.pch"; sourceTree = "<group>"; };
		43CCF13A166A6F8E003EAE42 /* NADAppDelegate.h */ = {isa = PBXFileReference; lastKnownFileType = sourcecode.c.h; path = NADAppDelegate.h; sourceTree = "<group>"; };
		43CCF13B166A6F8E003EAE42 /* NADAppDelegate.m */ = {isa = PBXFileReference; lastKnownFileType = sourcecode.c.objc; path = NADAppDelegate.m; sourceTree = "<group>"; };
		43CCF13D166A6F8E003EAE42 /* Default.png */ = {isa = PBXFileReference; lastKnownFileType = image.png; path = Default.png; sourceTree = "<group>"; };
		43CCF13F166A6F8E003EAE42 /* Default@2x.png */ = {isa = PBXFileReference; lastKnownFileType = image.png; path = "Default@2x.png"; sourceTree = "<group>"; };
		43CCF141166A6F8E003EAE42 /* Default-568h@2x.png */ = {isa = PBXFileReference; lastKnownFileType = image.png; path = "Default-568h@2x.png"; sourceTree = "<group>"; };
		43CCF153166A7037003EAE42 /* GDataXMLElement+stuff.h */ = {isa = PBXFileReference; fileEncoding = 4; lastKnownFileType = sourcecode.c.h; path = "GDataXMLElement+stuff.h"; sourceTree = "<group>"; };
		43CCF154166A7037003EAE42 /* GDataXMLElement+stuff.m */ = {isa = PBXFileReference; fileEncoding = 4; lastKnownFileType = sourcecode.c.objc; path = "GDataXMLElement+stuff.m"; sourceTree = "<group>"; };
		43CCF155166A7037003EAE42 /* KBAPIConnection.h */ = {isa = PBXFileReference; fileEncoding = 4; lastKnownFileType = sourcecode.c.h; path = KBAPIConnection.h; sourceTree = "<group>"; };
		43CCF156166A7037003EAE42 /* KBAPIConnection.m */ = {isa = PBXFileReference; fileEncoding = 4; lastKnownFileType = sourcecode.c.objc; path = KBAPIConnection.m; sourceTree = "<group>"; };
		43CCF157166A7037003EAE42 /* KBAPIRequest.h */ = {isa = PBXFileReference; fileEncoding = 4; lastKnownFileType = sourcecode.c.h; path = KBAPIRequest.h; sourceTree = "<group>"; };
		43CCF158166A7037003EAE42 /* KBAPIRequest.m */ = {isa = PBXFileReference; fileEncoding = 4; lastKnownFileType = sourcecode.c.objc; path = KBAPIRequest.m; sourceTree = "<group>"; };
		43CCF159166A7037003EAE42 /* KBAPISupport.h */ = {isa = PBXFileReference; fileEncoding = 4; lastKnownFileType = sourcecode.c.h; path = KBAPISupport.h; sourceTree = "<group>"; };
		43CCF15A166A7037003EAE42 /* KBEntity.h */ = {isa = PBXFileReference; fileEncoding = 4; lastKnownFileType = sourcecode.c.h; path = KBEntity.h; sourceTree = "<group>"; };
		43CCF15B166A7037003EAE42 /* KBEntityList.h */ = {isa = PBXFileReference; fileEncoding = 4; lastKnownFileType = sourcecode.c.h; path = KBEntityList.h; sourceTree = "<group>"; };
		43CCF15C166A7037003EAE42 /* KBEntityList.m */ = {isa = PBXFileReference; fileEncoding = 4; lastKnownFileType = sourcecode.c.objc; path = KBEntityList.m; sourceTree = "<group>"; };
		43CCF15D166A7037003EAE42 /* KBNetworkIndicator.h */ = {isa = PBXFileReference; fileEncoding = 4; lastKnownFileType = sourcecode.c.h; path = KBNetworkIndicator.h; sourceTree = "<group>"; };
		43CCF15E166A7037003EAE42 /* KBNetworkIndicator.m */ = {isa = PBXFileReference; fileEncoding = 4; lastKnownFileType = sourcecode.c.objc; path = KBNetworkIndicator.m; sourceTree = "<group>"; };
		43CCF177166A710D003EAE42 /* GDataXMLNode.h */ = {isa = PBXFileReference; fileEncoding = 4; lastKnownFileType = sourcecode.c.h; path = GDataXMLNode.h; sourceTree = "<group>"; };
		43CCF178166A710D003EAE42 /* GDataXMLNode.m */ = {isa = PBXFileReference; fileEncoding = 4; lastKnownFileType = sourcecode.c.objc; path = GDataXMLNode.m; sourceTree = "<group>"; };
		43CCF17A166A7157003EAE42 /* libxml2.dylib */ = {isa = PBXFileReference; lastKnownFileType = "compiled.mach-o.dylib"; name = libxml2.dylib; path = usr/lib/libxml2.dylib; sourceTree = SDKROOT; };
		43CCF17C166A79C4003EAE42 /* NADSplashVC.h */ = {isa = PBXFileReference; fileEncoding = 4; lastKnownFileType = sourcecode.c.h; path = NADSplashVC.h; sourceTree = "<group>"; };
		43CCF17D166A79C4003EAE42 /* NADSplashVC.m */ = {isa = PBXFileReference; fileEncoding = 4; lastKnownFileType = sourcecode.c.objc; path = NADSplashVC.m; sourceTree = "<group>"; };
		43CCF17E166A79C5003EAE42 /* NADSplashVC.xib */ = {isa = PBXFileReference; fileEncoding = 4; lastKnownFileType = file.xib; path = NADSplashVC.xib; sourceTree = "<group>"; };
		43CCF186166A7BB9003EAE42 /* NADViewController.h */ = {isa = PBXFileReference; fileEncoding = 4; lastKnownFileType = sourcecode.c.h; path = NADViewController.h; sourceTree = "<group>"; };
		43CCF187166A7BBA003EAE42 /* NADViewController.m */ = {isa = PBXFileReference; fileEncoding = 4; lastKnownFileType = sourcecode.c.objc; path = NADViewController.m; sourceTree = "<group>"; };
		43CCF188166A7BBA003EAE42 /* NADViewController.xib */ = {isa = PBXFileReference; fileEncoding = 4; lastKnownFileType = file.xib; path = NADViewController.xib; sourceTree = "<group>"; };
		43CCF18D166A7CA6003EAE42 /* NADIndexRequest.h */ = {isa = PBXFileReference; fileEncoding = 4; lastKnownFileType = sourcecode.c.h; name = NADIndexRequest.h; path = Network/NADIndexRequest.h; sourceTree = "<group>"; };
		43CCF18E166A7CA6003EAE42 /* NADIndexRequest.m */ = {isa = PBXFileReference; fileEncoding = 4; lastKnownFileType = sourcecode.c.objc; name = NADIndexRequest.m; path = Network/NADIndexRequest.m; sourceTree = "<group>"; };
		43CCF194166A970E003EAE42 /* NADConcreteDataRequest.h */ = {isa = PBXFileReference; fileEncoding = 4; lastKnownFileType = sourcecode.c.h; name = NADConcreteDataRequest.h; path = Network/NADConcreteDataRequest.h; sourceTree = "<group>"; };
		43CCF195166A970E003EAE42 /* NADConcreteDataRequest.m */ = {isa = PBXFileReference; fileEncoding = 4; lastKnownFileType = sourcecode.c.objc; name = NADConcreteDataRequest.m; path = Network/NADConcreteDataRequest.m; sourceTree = "<group>"; };
/* End PBXFileReference section */

/* Begin PBXFrameworksBuildPhase section */
		43CCF124166A6F8D003EAE42 /* Frameworks */ = {
			isa = PBXFrameworksBuildPhase;
			buildActionMask = 2147483647;
			files = (
				43CCF17B166A7157003EAE42 /* libxml2.dylib in Frameworks */,
				43CCF12C166A6F8E003EAE42 /* UIKit.framework in Frameworks */,
				43CCF12E166A6F8E003EAE42 /* Foundation.framework in Frameworks */,
				43CCF130166A6F8E003EAE42 /* CoreGraphics.framework in Frameworks */,
			);
			runOnlyForDeploymentPostprocessing = 0;
		};
/* End PBXFrameworksBuildPhase section */

/* Begin PBXGroup section */
		43CCF11C166A6F8D003EAE42 = {
			isa = PBXGroup;
			children = (
				43CCF131166A6F8E003EAE42 /* KBAPISupport-Non-ARC-Demo */,
				43CCF12A166A6F8E003EAE42 /* Frameworks */,
				43CCF175166A710D003EAE42 /* ThirdParty */,
				43CCF128166A6F8D003EAE42 /* Products */,
			);
			sourceTree = "<group>";
		};
		43CCF128166A6F8D003EAE42 /* Products */ = {
			isa = PBXGroup;
			children = (
				43CCF127166A6F8D003EAE42 /* KBAPISupport-Non-ARC-Demo.app */,
			);
			name = Products;
			sourceTree = "<group>";
		};
		43CCF12A166A6F8E003EAE42 /* Frameworks */ = {
			isa = PBXGroup;
			children = (
				43CCF152166A7037003EAE42 /* Source */,
				43CCF12B166A6F8E003EAE42 /* UIKit.framework */,
				43CCF12D166A6F8E003EAE42 /* Foundation.framework */,
				43CCF12F166A6F8E003EAE42 /* CoreGraphics.framework */,
				43CCF17A166A7157003EAE42 /* libxml2.dylib */,
			);
			name = Frameworks;
			sourceTree = "<group>";
		};
		43CCF131166A6F8E003EAE42 /* KBAPISupport-Non-ARC-Demo */ = {
			isa = PBXGroup;
			children = (
				43CCF18C166A7C6A003EAE42 /* Data */,
				43CCF18B166A7C61003EAE42 /* Network */,
				43CCF16E166A70DA003EAE42 /* View */,
				43CCF13A166A6F8E003EAE42 /* NADAppDelegate.h */,
				43CCF13B166A6F8E003EAE42 /* NADAppDelegate.m */,
				43CCF132166A6F8E003EAE42 /* Supporting Files */,
			);
			path = "KBAPISupport-Non-ARC-Demo";
			sourceTree = "<group>";
		};
		43CCF132166A6F8E003EAE42 /* Supporting Files */ = {
			isa = PBXGroup;
			children = (
				43CCF133166A6F8E003EAE42 /* KBAPISupport-Non-ARC-Demo-Info.plist */,
				43CCF134166A6F8E003EAE42 /* InfoPlist.strings */,
				43CCF137166A6F8E003EAE42 /* main.m */,
				43CCF139166A6F8E003EAE42 /* KBAPISupport-Non-ARC-Demo-Prefix.pch */,
				43CCF13D166A6F8E003EAE42 /* Default.png */,
				43CCF13F166A6F8E003EAE42 /* Default@2x.png */,
				43CCF141166A6F8E003EAE42 /* Default-568h@2x.png */,
			);
			name = "Supporting Files";
			sourceTree = "<group>";
		};
		43CCF152166A7037003EAE42 /* Source */ = {
			isa = PBXGroup;
			children = (
				43CCF159166A7037003EAE42 /* KBAPISupport.h */,
				43138EA616A8437D0065EBA7 /* KBAPISupport-config.h */,
				43138EA716A8437D0065EBA7 /* KBAPISupport-debug.h */,
				43CCF153166A7037003EAE42 /* GDataXMLElement+stuff.h */,
				43CCF154166A7037003EAE42 /* GDataXMLElement+stuff.m */,
				43CCF155166A7037003EAE42 /* KBAPIConnection.h */,
				43CCF156166A7037003EAE42 /* KBAPIConnection.m */,
				43CCF157166A7037003EAE42 /* KBAPIRequest.h */,
				43CCF158166A7037003EAE42 /* KBAPIRequest.m */,
				43CCF15A166A7037003EAE42 /* KBEntity.h */,
				43CCF15B166A7037003EAE42 /* KBEntityList.h */,
				43CCF15C166A7037003EAE42 /* KBEntityList.m */,
				43CCF15D166A7037003EAE42 /* KBNetworkIndicator.h */,
				43CCF15E166A7037003EAE42 /* KBNetworkIndicator.m */,
				43138EA916A8438B0065EBA7 /* KBAutoEntity.h */,
				43138EAA16A8438B0065EBA7 /* KBAutoEntity.m */,
				43138EAB16A8438B0065EBA7 /* KBAutoField.h */,
				43138EAC16A8438B0065EBA7 /* KBAutoField.m */,
				43138EAD16A8438B0065EBA7 /* KBAutoFieldMacros.gen.h */,
			);
			path = Source;
			sourceTree = "<group>";
		};
		43CCF16E166A70DA003EAE42 /* View */ = {
			isa = PBXGroup;
			children = (
				43CCF186166A7BB9003EAE42 /* NADViewController.h */,
				43CCF187166A7BBA003EAE42 /* NADViewController.m */,
				43CCF188166A7BBA003EAE42 /* NADViewController.xib */,
				43CCF17C166A79C4003EAE42 /* NADSplashVC.h */,
				43CCF17D166A79C4003EAE42 /* NADSplashVC.m */,
				43CCF17E166A79C5003EAE42 /* NADSplashVC.xib */,
			);
			path = View;
			sourceTree = "<group>";
		};
		43CCF175166A710D003EAE42 /* ThirdParty */ = {
			isa = PBXGroup;
			children = (
				43CCF176166A710D003EAE42 /* XMLSupport */,
			);
			path = ThirdParty;
			sourceTree = "<group>";
		};
		43CCF176166A710D003EAE42 /* XMLSupport */ = {
			isa = PBXGroup;
			children = (
				43CCF177166A710D003EAE42 /* GDataXMLNode.h */,
				43CCF178166A710D003EAE42 /* GDataXMLNode.m */,
			);
			path = XMLSupport;
			sourceTree = "<group>";
		};
		43CCF18B166A7C61003EAE42 /* Network */ = {
			isa = PBXGroup;
			children = (
				43CCF18D166A7CA6003EAE42 /* NADIndexRequest.h */,
				43CCF18E166A7CA6003EAE42 /* NADIndexRequest.m */,
				43CCF194166A970E003EAE42 /* NADConcreteDataRequest.h */,
				43CCF195166A970E003EAE42 /* NADConcreteDataRequest.m */,
			);
			name = Network;
			sourceTree = "<group>";
		};
		43CCF18C166A7C6A003EAE42 /* Data */ = {
			isa = PBXGroup;
			children = (
			);
			name = Data;
			sourceTree = "<group>";
		};
/* End PBXGroup section */

/* Begin PBXNativeTarget section */
		43CCF126166A6F8D003EAE42 /* KBAPISupport-Non-ARC-Demo */ = {
			isa = PBXNativeTarget;
			buildConfigurationList = 43CCF14B166A6F8E003EAE42 /* Build configuration list for PBXNativeTarget "KBAPISupport-Non-ARC-Demo" */;
			buildPhases = (
				43CCF123166A6F8D003EAE42 /* Sources */,
				43CCF124166A6F8D003EAE42 /* Frameworks */,
				43CCF125166A6F8D003EAE42 /* Resources */,
			);
			buildRules = (
			);
			dependencies = (
			);
			name = "KBAPISupport-Non-ARC-Demo";
			productName = "KBAPISupport-Non-ARC-Demo";
			productReference = 43CCF127166A6F8D003EAE42 /* KBAPISupport-Non-ARC-Demo.app */;
			productType = "com.apple.product-type.application";
		};
/* End PBXNativeTarget section */

/* Begin PBXProject section */
		43CCF11E166A6F8D003EAE42 /* Project object */ = {
			isa = PBXProject;
			attributes = {
				CLASSPREFIX = NAD;
				LastUpgradeCheck = 0450;
				ORGANIZATIONNAME = "Kirill byss Bystrov";
			};
			buildConfigurationList = 43CCF121166A6F8D003EAE42 /* Build configuration list for PBXProject "KBAPISupport-Non-ARC-Demo" */;
			compatibilityVersion = "Xcode 3.2";
			developmentRegion = English;
			hasScannedForEncodings = 0;
			knownRegions = (
				en,
			);
			mainGroup = 43CCF11C166A6F8D003EAE42;
			productRefGroup = 43CCF128166A6F8D003EAE42 /* Products */;
			projectDirPath = "";
			projectRoot = "";
			targets = (
				43CCF126166A6F8D003EAE42 /* KBAPISupport-Non-ARC-Demo */,
			);
		};
/* End PBXProject section */

/* Begin PBXResourcesBuildPhase section */
		43CCF125166A6F8D003EAE42 /* Resources */ = {
			isa = PBXResourcesBuildPhase;
			buildActionMask = 2147483647;
			files = (
				43CCF136166A6F8E003EAE42 /* InfoPlist.strings in Resources */,
				43CCF13E166A6F8E003EAE42 /* Default.png in Resources */,
				43CCF140166A6F8E003EAE42 /* Default@2x.png in Resources */,
				43CCF142166A6F8E003EAE42 /* Default-568h@2x.png in Resources */,
				43CCF180166A79C6003EAE42 /* NADSplashVC.xib in Resources */,
				43CCF18A166A7BBA003EAE42 /* NADViewController.xib in Resources */,
			);
			runOnlyForDeploymentPostprocessing = 0;
		};
/* End PBXResourcesBuildPhase section */

/* Begin PBXSourcesBuildPhase section */
		43CCF123166A6F8D003EAE42 /* Sources */ = {
			isa = PBXSourcesBuildPhase;
			buildActionMask = 2147483647;
			files = (
				43CCF138166A6F8E003EAE42 /* main.m in Sources */,
				43CCF13C166A6F8E003EAE42 /* NADAppDelegate.m in Sources */,
				43CCF15F166A7037003EAE42 /* GDataXMLElement+stuff.m in Sources */,
				43CCF160166A7037003EAE42 /* KBAPIConnection.m in Sources */,
				43CCF161166A7037003EAE42 /* KBAPIRequest.m in Sources */,
				43CCF162166A7037003EAE42 /* KBEntityList.m in Sources */,
				43CCF163166A7037003EAE42 /* KBNetworkIndicator.m in Sources */,
				43CCF179166A710D003EAE42 /* GDataXMLNode.m in Sources */,
				43CCF17F166A79C6003EAE42 /* NADSplashVC.m in Sources */,
				43CCF189166A7BBA003EAE42 /* NADViewController.m in Sources */,
				43CCF18F166A7CA6003EAE42 /* NADIndexRequest.m in Sources */,
				43CCF196166A970E003EAE42 /* NADConcreteDataRequest.m in Sources */,
				43138EAE16A8438B0065EBA7 /* KBAutoEntity.m in Sources */,
				43138EAF16A8438B0065EBA7 /* KBAutoField.m in Sources */,
			);
			runOnlyForDeploymentPostprocessing = 0;
		};
/* End PBXSourcesBuildPhase section */

/* Begin PBXVariantGroup section */
		43CCF134166A6F8E003EAE42 /* InfoPlist.strings */ = {
			isa = PBXVariantGroup;
			children = (
				43CCF135166A6F8E003EAE42 /* en */,
			);
			name = InfoPlist.strings;
			sourceTree = "<group>";
		};
/* End PBXVariantGroup section */

/* Begin XCBuildConfiguration section */
		43CCF149166A6F8E003EAE42 /* Debug */ = {
			isa = XCBuildConfiguration;
			buildSettings = {
				ALWAYS_SEARCH_USER_PATHS = NO;
				CLANG_CXX_LANGUAGE_STANDARD = "gnu++0x";
				CLANG_CXX_LIBRARY = "libc++";
				CLANG_WARN_EMPTY_BODY = YES;
				CLANG_WARN__DUPLICATE_METHOD_MATCH = YES;
				"CODE_SIGN_IDENTITY[sdk=iphoneos*]" = "iPhone Developer";
				COPY_PHASE_STRIP = NO;
				GCC_C_LANGUAGE_STANDARD = gnu99;
				GCC_DYNAMIC_NO_PIC = NO;
				GCC_OPTIMIZATION_LEVEL = 0;
				GCC_PREPROCESSOR_DEFINITIONS = (
					"DEBUG=1",
					"$(inherited)",
				);
				GCC_SYMBOLS_PRIVATE_EXTERN = NO;
				GCC_WARN_ABOUT_RETURN_TYPE = YES;
				GCC_WARN_UNINITIALIZED_AUTOS = YES;
				GCC_WARN_UNUSED_VARIABLE = YES;
				IPHONEOS_DEPLOYMENT_TARGET = 6.0;
				ONLY_ACTIVE_ARCH = YES;
				SDKROOT = iphoneos;
			};
			name = Debug;
		};
		43CCF14A166A6F8E003EAE42 /* Release */ = {
			isa = XCBuildConfiguration;
			buildSettings = {
				ALWAYS_SEARCH_USER_PATHS = NO;
				CLANG_CXX_LANGUAGE_STANDARD = "gnu++0x";
				CLANG_CXX_LIBRARY = "libc++";
				CLANG_WARN_EMPTY_BODY = YES;
				CLANG_WARN__DUPLICATE_METHOD_MATCH = YES;
				"CODE_SIGN_IDENTITY[sdk=iphoneos*]" = "iPhone Developer";
				COPY_PHASE_STRIP = YES;
				GCC_C_LANGUAGE_STANDARD = gnu99;
				GCC_WARN_ABOUT_RETURN_TYPE = YES;
				GCC_WARN_UNINITIALIZED_AUTOS = YES;
				GCC_WARN_UNUSED_VARIABLE = YES;
				IPHONEOS_DEPLOYMENT_TARGET = 6.0;
				OTHER_CFLAGS = "-DNS_BLOCK_ASSERTIONS=1";
				SDKROOT = iphoneos;
				VALIDATE_PRODUCT = YES;
			};
			name = Release;
		};
		43CCF14C166A6F8E003EAE42 /* Debug */ = {
			isa = XCBuildConfiguration;
			buildSettings = {
				GCC_PRECOMPILE_PREFIX_HEADER = YES;
				GCC_PREFIX_HEADER = "KBAPISupport-Non-ARC-Demo/KBAPISupport-Non-ARC-Demo-Prefix.pch";
				HEADER_SEARCH_PATHS = /usr/include/libxml2;
				INFOPLIST_FILE = "KBAPISupport-Non-ARC-Demo/KBAPISupport-Non-ARC-Demo-Info.plist";
				PRODUCT_NAME = "$(TARGET_NAME)";
				WRAPPER_EXTENSION = app;
			};
			name = Debug;
		};
		43CCF14D166A6F8E003EAE42 /* Release */ = {
			isa = XCBuildConfiguration;
			buildSettings = {
				GCC_PRECOMPILE_PREFIX_HEADER = YES;
				GCC_PREFIX_HEADER = "KBAPISupport-Non-ARC-Demo/KBAPISupport-Non-ARC-Demo-Prefix.pch";
				HEADER_SEARCH_PATHS = /usr/include/libxml2;
				INFOPLIST_FILE = "KBAPISupport-Non-ARC-Demo/KBAPISupport-Non-ARC-Demo-Info.plist";
				PRODUCT_NAME = "$(TARGET_NAME)";
				WRAPPER_EXTENSION = app;
			};
			name = Release;
		};
/* End XCBuildConfiguration section */

/* Begin XCConfigurationList section */
		43CCF121166A6F8D003EAE42 /* Build configuration list for PBXProject "KBAPISupport-Non-ARC-Demo" */ = {
			isa = XCConfigurationList;
			buildConfigurations = (
				43CCF149166A6F8E003EAE42 /* Debug */,
				43CCF14A166A6F8E003EAE42 /* Release */,
			);
			defaultConfigurationIsVisible = 0;
			defaultConfigurationName = Release;
		};
		43CCF14B166A6F8E003EAE42 /* Build configuration list for PBXNativeTarget "KBAPISupport-Non-ARC-Demo" */ = {
			isa = XCConfigurationList;
			buildConfigurations = (
				43CCF14C166A6F8E003EAE42 /* Debug */,
				43CCF14D166A6F8E003EAE42 /* Release */,
			);
			defaultConfigurationIsVisible = 0;
			defaultConfigurationName = Release;
		};
/* End XCConfigurationList section */
	};
	rootObject = 43CCF11E166A6F8D003EAE42 /* Project object */;
}
