// !$*UTF8*$!
{
	archiveVersion = 1;
	classes = {
	};
	objectVersion = 46;
	objects = {

/* Begin PBXBuildFile section */
		4315B9C021001DE4007B0088 /* KBAPIRequest.h in Headers */ = {isa = PBXBuildFile; fileRef = 4315B9BE21001DE4007B0088 /* KBAPIRequest.h */; settings = {ATTRIBUTES = (Public, ); }; };
		4315B9C121001DE4007B0088 /* KBAPIRequest.mm in Sources */ = {isa = PBXBuildFile; fileRef = 4315B9BF21001DE4007B0088 /* KBAPIRequest.mm */; };
		4315B9C3210085E1007B0088 /* KBAPIRequestSerializer.swift in Sources */ = {isa = PBXBuildFile; fileRef = 4315B9C2210085E1007B0088 /* KBAPIRequestSerializer.swift */; };
		4315B9C521008DC3007B0088 /* URLEncode.swift in Sources */ = {isa = PBXBuildFile; fileRef = 4315B9C421008DC3007B0088 /* URLEncode.swift */; };
		4315B9C92100DB16007B0088 /* KBAPIResponseSerializer.swift in Sources */ = {isa = PBXBuildFile; fileRef = 4315B9C82100DB16007B0088 /* KBAPIResponseSerializer.swift */; };
		4315B9CB2100E8BC007B0088 /* Result.swift in Sources */ = {isa = PBXBuildFile; fileRef = 4315B9CA2100E8BC007B0088 /* Result.swift */; };
		4315B9CD2100F182007B0088 /* DispatchQueue+safeSync.swift in Sources */ = {isa = PBXBuildFile; fileRef = 4315B9CC2100F182007B0088 /* DispatchQueue+safeSync.swift */; };
		4315B9CF2100F497007B0088 /* KBAtomicCounter.h in Headers */ = {isa = PBXBuildFile; fileRef = 4315B9CE2100F45F007B0088 /* KBAtomicCounter.h */; settings = {ATTRIBUTES = (Public, ); }; };
		4315B9D12100F6AB007B0088 /* KBAtomicCounter.swift in Sources */ = {isa = PBXBuildFile; fileRef = 4315B9D02100F6AB007B0088 /* KBAtomicCounter.swift */; };
		4332306C20FE2301001C67D0 /* KBArray.mm in Sources */ = {isa = PBXBuildFile; fileRef = 4332306A20FE2301001C67D0 /* KBArray.mm */; settings = {COMPILER_FLAGS = "-fno-objc-arc"; }; };
		4332306D20FE2301001C67D0 /* KBArray.h in Headers */ = {isa = PBXBuildFile; fileRef = 4332306B20FE2301001C67D0 /* KBArray.h */; settings = {ATTRIBUTES = (Private, ); }; };
		43B0BED32101F85E00061E65 /* KBAPIJSONCoder.swift in Sources */ = {isa = PBXBuildFile; fileRef = 43B0BED22101F85E00061E65 /* KBAPIJSONCoder.swift */; };
		43B0BED52101F9F400061E65 /* KBAPIURLEncoder.swift in Sources */ = {isa = PBXBuildFile; fileRef = 43B0BED42101F9F400061E65 /* KBAPIURLEncoder.swift */; };
		43BDFDB220FFB7870078A7F7 /* KBAPIConnection.swift in Sources */ = {isa = PBXBuildFile; fileRef = 43BDFDB120FFB7870078A7F7 /* KBAPIConnection.swift */; };
		43BDFDB420FFB7DB0078A7F7 /* KBAPIRequest.swift in Sources */ = {isa = PBXBuildFile; fileRef = 43BDFDB320FFB7DB0078A7F7 /* KBAPIRequest.swift */; };
		43D1BD8F1C9A11DA00A807F8 /* KBAPISupport.h in Headers */ = {isa = PBXBuildFile; fileRef = 43D1BD8D1C9A11DA00A807F8 /* KBAPISupport.h */; settings = {ATTRIBUTES = (Public, ); }; };
/* End PBXBuildFile section */

/* Begin PBXFileReference section */
		4315B9BE21001DE4007B0088 /* KBAPIRequest.h */ = {isa = PBXFileReference; lastKnownFileType = sourcecode.c.h; path = KBAPIRequest.h; sourceTree = "<group>"; };
		4315B9BF21001DE4007B0088 /* KBAPIRequest.mm */ = {isa = PBXFileReference; lastKnownFileType = sourcecode.cpp.objcpp; path = KBAPIRequest.mm; sourceTree = "<group>"; };
		4315B9C2210085E1007B0088 /* KBAPIRequestSerializer.swift */ = {isa = PBXFileReference; lastKnownFileType = sourcecode.swift; path = KBAPIRequestSerializer.swift; sourceTree = "<group>"; };
		4315B9C421008DC3007B0088 /* URLEncode.swift */ = {isa = PBXFileReference; lastKnownFileType = sourcecode.swift; path = URLEncode.swift; sourceTree = "<group>"; };
		4315B9C82100DB16007B0088 /* KBAPIResponseSerializer.swift */ = {isa = PBXFileReference; lastKnownFileType = sourcecode.swift; path = KBAPIResponseSerializer.swift; sourceTree = "<group>"; };
		4315B9CA2100E8BC007B0088 /* Result.swift */ = {isa = PBXFileReference; lastKnownFileType = sourcecode.swift; path = Result.swift; sourceTree = "<group>"; };
		4315B9CC2100F182007B0088 /* DispatchQueue+safeSync.swift */ = {isa = PBXFileReference; lastKnownFileType = sourcecode.swift; path = "DispatchQueue+safeSync.swift"; sourceTree = "<group>"; };
		4315B9CE2100F45F007B0088 /* KBAtomicCounter.h */ = {isa = PBXFileReference; lastKnownFileType = sourcecode.c.h; path = KBAtomicCounter.h; sourceTree = "<group>"; };
		4315B9D02100F6AB007B0088 /* KBAtomicCounter.swift */ = {isa = PBXFileReference; lastKnownFileType = sourcecode.swift; path = KBAtomicCounter.swift; sourceTree = "<group>"; };
		431C82BF1E350BA000BB461F /* KBAPISupport.podspec */ = {isa = PBXFileReference; explicitFileType = text.script.ruby; path = KBAPISupport.podspec; sourceTree = "<group>"; };
		431C82C01E350DD800BB461F /* KBAPISupport.modulemap */ = {isa = PBXFileReference; lastKnownFileType = "sourcecode.module-map"; path = KBAPISupport.modulemap; sourceTree = "<group>"; };
		4332306A20FE2301001C67D0 /* KBArray.mm */ = {isa = PBXFileReference; lastKnownFileType = sourcecode.cpp.objcpp; path = KBArray.mm; sourceTree = "<group>"; };
		4332306B20FE2301001C67D0 /* KBArray.h */ = {isa = PBXFileReference; lastKnownFileType = sourcecode.c.h; path = KBArray.h; sourceTree = "<group>"; };
		43B0BED22101F85E00061E65 /* KBAPIJSONCoder.swift */ = {isa = PBXFileReference; lastKnownFileType = sourcecode.swift; path = KBAPIJSONCoder.swift; sourceTree = "<group>"; };
		43B0BED42101F9F400061E65 /* KBAPIURLEncoder.swift */ = {isa = PBXFileReference; lastKnownFileType = sourcecode.swift; path = KBAPIURLEncoder.swift; sourceTree = "<group>"; };
		43BDFDB120FFB7870078A7F7 /* KBAPIConnection.swift */ = {isa = PBXFileReference; lastKnownFileType = sourcecode.swift; path = KBAPIConnection.swift; sourceTree = "<group>"; };
		43BDFDB320FFB7DB0078A7F7 /* KBAPIRequest.swift */ = {isa = PBXFileReference; lastKnownFileType = sourcecode.swift; path = KBAPIRequest.swift; sourceTree = "<group>"; };
		43D1BD801C9A115500A807F8 /* KBAPISupport.framework */ = {isa = PBXFileReference; explicitFileType = wrapper.framework; includeInIndex = 0; path = KBAPISupport.framework; sourceTree = BUILT_PRODUCTS_DIR; };
		43D1BD8C1C9A11DA00A807F8 /* Info.plist */ = {isa = PBXFileReference; fileEncoding = 4; lastKnownFileType = text.plist.xml; path = Info.plist; sourceTree = "<group>"; };
		43D1BD8D1C9A11DA00A807F8 /* KBAPISupport.h */ = {isa = PBXFileReference; fileEncoding = 4; lastKnownFileType = sourcecode.c.h; path = KBAPISupport.h; sourceTree = "<group>"; };
/* End PBXFileReference section */

/* Begin PBXFrameworksBuildPhase section */
		43D1BD7C1C9A115500A807F8 /* Frameworks */ = {
			isa = PBXFrameworksBuildPhase;
			buildActionMask = 2147483647;
			files = (
			);
			runOnlyForDeploymentPostprocessing = 0;
		};
/* End PBXFrameworksBuildPhase section */

/* Begin PBXGroup section */
		4332306920FE1C1F001C67D0 /* Utils */ = {
			isa = PBXGroup;
			children = (
				4332306B20FE2301001C67D0 /* KBArray.h */,
				4332306A20FE2301001C67D0 /* KBArray.mm */,
				4315B9CE2100F45F007B0088 /* KBAtomicCounter.h */,
				4315B9D02100F6AB007B0088 /* KBAtomicCounter.swift */,
				4315B9CC2100F182007B0088 /* DispatchQueue+safeSync.swift */,
				4315B9CA2100E8BC007B0088 /* Result.swift */,
				4315B9C421008DC3007B0088 /* URLEncode.swift */,
			);
			path = Utils;
			sourceTree = "<group>";
		};
		43BDFDB020FFB7730078A7F7 /* Core */ = {
			isa = PBXGroup;
			children = (
				43B0BED42101F9F400061E65 /* KBAPIURLEncoder.swift */,
				43B0BED22101F85E00061E65 /* KBAPIJSONCoder.swift */,
				4315B9C2210085E1007B0088 /* KBAPIRequestSerializer.swift */,
				4315B9C82100DB16007B0088 /* KBAPIResponseSerializer.swift */,
				43BDFDB320FFB7DB0078A7F7 /* KBAPIRequest.swift */,
				4315B9BE21001DE4007B0088 /* KBAPIRequest.h */,
				4315B9BF21001DE4007B0088 /* KBAPIRequest.mm */,
				43BDFDB120FFB7870078A7F7 /* KBAPIConnection.swift */,
			);
			path = Core;
			sourceTree = "<group>";
		};
		43D1BD761C9A115500A807F8 = {
			isa = PBXGroup;
			children = (
				431C82BF1E350BA000BB461F /* KBAPISupport.podspec */,
				43D1BD821C9A115500A807F8 /* KBAPISupport */,
				43D1BD811C9A115500A807F8 /* Products */,
			);
			sourceTree = "<group>";
		};
		43D1BD811C9A115500A807F8 /* Products */ = {
			isa = PBXGroup;
			children = (
				43D1BD801C9A115500A807F8 /* KBAPISupport.framework */,
			);
			name = Products;
			sourceTree = "<group>";
		};
		43D1BD821C9A115500A807F8 /* KBAPISupport */ = {
			isa = PBXGroup;
			children = (
				43BDFDB020FFB7730078A7F7 /* Core */,
				4332306920FE1C1F001C67D0 /* Utils */,
				43D1BD8B1C9A11DA00A807F8 /* Supporting Files */,
			);
			path = KBAPISupport;
			sourceTree = "<group>";
		};
		43D1BD8B1C9A11DA00A807F8 /* Supporting Files */ = {
			isa = PBXGroup;
			children = (
				43D1BD8D1C9A11DA00A807F8 /* KBAPISupport.h */,
				431C82C01E350DD800BB461F /* KBAPISupport.modulemap */,
				43D1BD8C1C9A11DA00A807F8 /* Info.plist */,
			);
			path = "Supporting Files";
			sourceTree = "<group>";
		};
/* End PBXGroup section */

/* Begin PBXHeadersBuildPhase section */
		43D1BD7D1C9A115500A807F8 /* Headers */ = {
			isa = PBXHeadersBuildPhase;
			buildActionMask = 2147483647;
			files = (
				43D1BD8F1C9A11DA00A807F8 /* KBAPISupport.h in Headers */,
				4315B9C021001DE4007B0088 /* KBAPIRequest.h in Headers */,
				4315B9CF2100F497007B0088 /* KBAtomicCounter.h in Headers */,
				4332306D20FE2301001C67D0 /* KBArray.h in Headers */,
			);
			runOnlyForDeploymentPostprocessing = 0;
		};
/* End PBXHeadersBuildPhase section */

/* Begin PBXNativeTarget section */
		43D1BD7F1C9A115500A807F8 /* KBAPISupport */ = {
			isa = PBXNativeTarget;
			buildConfigurationList = 43D1BD881C9A115500A807F8 /* Build configuration list for PBXNativeTarget "KBAPISupport" */;
			buildPhases = (
				43D1BD7B1C9A115500A807F8 /* Sources */,
				43D1BD7C1C9A115500A807F8 /* Frameworks */,
				43D1BD7D1C9A115500A807F8 /* Headers */,
				43D1BD7E1C9A115500A807F8 /* Resources */,
			);
			buildRules = (
			);
			dependencies = (
			);
			name = KBAPISupport;
			productName = KBAPISupport;
			productReference = 43D1BD801C9A115500A807F8 /* KBAPISupport.framework */;
			productType = "com.apple.product-type.framework";
		};
/* End PBXNativeTarget section */

/* Begin PBXProject section */
		43D1BD771C9A115500A807F8 /* Project object */ = {
			isa = PBXProject;
			attributes = {
				LastUpgradeCheck = 0720;
				ORGANIZATIONNAME = "Kirill byss Bystrov";
				TargetAttributes = {
					43D1BD7F1C9A115500A807F8 = {
						CreatedOnToolsVersion = 7.2.1;
						LastSwiftMigration = 0940;
					};
				};
			};
			buildConfigurationList = 43D1BD7A1C9A115500A807F8 /* Build configuration list for PBXProject "KBAPISupport" */;
			compatibilityVersion = "Xcode 3.2";
			developmentRegion = English;
			hasScannedForEncodings = 0;
			knownRegions = (
				en,
			);
			mainGroup = 43D1BD761C9A115500A807F8;
			productRefGroup = 43D1BD811C9A115500A807F8 /* Products */;
			projectDirPath = "";
			projectRoot = "";
			targets = (
				43D1BD7F1C9A115500A807F8 /* KBAPISupport */,
			);
		};
/* End PBXProject section */

/* Begin PBXResourcesBuildPhase section */
		43D1BD7E1C9A115500A807F8 /* Resources */ = {
			isa = PBXResourcesBuildPhase;
			buildActionMask = 2147483647;
			files = (
			);
			runOnlyForDeploymentPostprocessing = 0;
		};
/* End PBXResourcesBuildPhase section */

/* Begin PBXSourcesBuildPhase section */
		43D1BD7B1C9A115500A807F8 /* Sources */ = {
			isa = PBXSourcesBuildPhase;
			buildActionMask = 2147483647;
			files = (
				4315B9CD2100F182007B0088 /* DispatchQueue+safeSync.swift in Sources */,
				4315B9D12100F6AB007B0088 /* KBAtomicCounter.swift in Sources */,
				4315B9CB2100E8BC007B0088 /* Result.swift in Sources */,
				4315B9C521008DC3007B0088 /* URLEncode.swift in Sources */,
				4332306C20FE2301001C67D0 /* KBArray.mm in Sources */,
				43B0BED52101F9F400061E65 /* KBAPIURLEncoder.swift in Sources */,
				43B0BED32101F85E00061E65 /* KBAPIJSONCoder.swift in Sources */,
				4315B9C3210085E1007B0088 /* KBAPIRequestSerializer.swift in Sources */,
				4315B9C92100DB16007B0088 /* KBAPIResponseSerializer.swift in Sources */,
				43BDFDB420FFB7DB0078A7F7 /* KBAPIRequest.swift in Sources */,
				4315B9C121001DE4007B0088 /* KBAPIRequest.mm in Sources */,
				43BDFDB220FFB7870078A7F7 /* KBAPIConnection.swift in Sources */,
			);
			runOnlyForDeploymentPostprocessing = 0;
		};
/* End PBXSourcesBuildPhase section */

/* Begin XCBuildConfiguration section */
		43D1BD861C9A115500A807F8 /* Debug */ = {
			isa = XCBuildConfiguration;
			buildSettings = {
				ALWAYS_SEARCH_USER_PATHS = NO;
				CLANG_ANALYZER_SECURITY_FLOATLOOPCOUNTER = YES;
				CLANG_ANALYZER_SECURITY_INSECUREAPI_RAND = YES;
				CLANG_ANALYZER_SECURITY_INSECUREAPI_STRCPY = YES;
				CLANG_CXX_LANGUAGE_STANDARD = "gnu++17";
				CLANG_ENABLE_MODULES = YES;
				CLANG_ENABLE_OBJC_ARC = YES;
				CLANG_WARN_ASSIGN_ENUM = YES;
				CLANG_WARN_BOOL_CONVERSION = YES;
				CLANG_WARN_CONSTANT_CONVERSION = YES;
				CLANG_WARN_DEPRECATED_OBJC_IMPLEMENTATIONS = YES;
				CLANG_WARN_DIRECT_OBJC_ISA_USAGE = YES_ERROR;
				CLANG_WARN_EMPTY_BODY = YES;
				CLANG_WARN_ENUM_CONVERSION = YES;
				CLANG_WARN_IMPLICIT_SIGN_CONVERSION = YES;
				CLANG_WARN_INFINITE_RECURSION = YES;
				CLANG_WARN_INT_CONVERSION = YES;
				CLANG_WARN_NULLABLE_TO_NONNULL_CONVERSION = YES;
				CLANG_WARN_OBJC_EXPLICIT_OWNERSHIP_TYPE = YES;
				CLANG_WARN_OBJC_IMPLICIT_ATOMIC_PROPERTIES = YES;
				CLANG_WARN_OBJC_IMPLICIT_RETAIN_SELF = YES;
				CLANG_WARN_OBJC_REPEATED_USE_OF_WEAK = YES;
				CLANG_WARN_OBJC_ROOT_CLASS = YES_ERROR;
				CLANG_WARN_SUSPICIOUS_MOVE = YES;
				CLANG_WARN_UNREACHABLE_CODE = YES_AGGRESSIVE;
				CLANG_WARN__DUPLICATE_METHOD_MATCH = YES;
				COPY_PHASE_STRIP = NO;
				CURRENT_PROJECT_VERSION = 1;
				DEBUG_INFORMATION_FORMAT = dwarf;
				ENABLE_STRICT_OBJC_MSGSEND = YES;
				ENABLE_TESTABILITY = YES;
				GCC_C_LANGUAGE_STANDARD = gnu11;
				GCC_INLINES_ARE_PRIVATE_EXTERN = YES;
				GCC_NO_COMMON_BLOCKS = YES;
				GCC_OPTIMIZATION_LEVEL = 0;
				GCC_PREPROCESSOR_DEFINITIONS = (
					"DEBUG=1",
					"$(inherited)",
				);
				GCC_TREAT_IMPLICIT_FUNCTION_DECLARATIONS_AS_ERRORS = YES;
				GCC_TREAT_INCOMPATIBLE_POINTER_TYPE_WARNINGS_AS_ERRORS = YES;
				GCC_WARN_64_TO_32_BIT_CONVERSION = YES;
				GCC_WARN_ABOUT_MISSING_FIELD_INITIALIZERS = YES;
				GCC_WARN_ABOUT_MISSING_NEWLINE = YES;
				GCC_WARN_ABOUT_MISSING_PROTOTYPES = YES;
				GCC_WARN_ABOUT_RETURN_TYPE = YES_ERROR;
				GCC_WARN_INITIALIZER_NOT_FULLY_BRACKETED = YES;
				GCC_WARN_NON_VIRTUAL_DESTRUCTOR = YES;
				GCC_WARN_SHADOW = YES;
				GCC_WARN_SIGN_COMPARE = YES;
				GCC_WARN_STRICT_SELECTOR_MATCH = YES;
				GCC_WARN_UNDECLARED_SELECTOR = YES;
				GCC_WARN_UNINITIALIZED_AUTOS = YES_AGGRESSIVE;
				GCC_WARN_UNKNOWN_PRAGMAS = YES;
				GCC_WARN_UNUSED_FUNCTION = YES;
				GCC_WARN_UNUSED_LABEL = YES;
				GCC_WARN_UNUSED_VARIABLE = YES;
				INFOPLIST_FILE = "$(SRCROOT)/$(TARGET_NAME)/Supporting Files/Info.plist";
				IPHONEOS_DEPLOYMENT_TARGET = 10.0;
				LLVM_LTO = YES;
				ONLY_ACTIVE_ARCH = YES;
				RUN_CLANG_STATIC_ANALYZER = YES;
				SDKROOT = iphoneos;
				SWIFT_VERSION = 4.0;
				TARGETED_DEVICE_FAMILY = "1,2";
				VERSIONING_SYSTEM = "apple-generic";
				VERSION_INFO_PREFIX = "";
			};
			name = Debug;
		};
		43D1BD871C9A115500A807F8 /* Release */ = {
			isa = XCBuildConfiguration;
			buildSettings = {
				ALWAYS_SEARCH_USER_PATHS = NO;
				CLANG_ANALYZER_SECURITY_FLOATLOOPCOUNTER = YES;
				CLANG_ANALYZER_SECURITY_INSECUREAPI_RAND = YES;
				CLANG_ANALYZER_SECURITY_INSECUREAPI_STRCPY = YES;
				CLANG_CXX_LANGUAGE_STANDARD = "gnu++17";
				CLANG_ENABLE_MODULES = YES;
				CLANG_ENABLE_OBJC_ARC = YES;
				CLANG_WARN_ASSIGN_ENUM = YES;
				CLANG_WARN_BOOL_CONVERSION = YES;
				CLANG_WARN_CONSTANT_CONVERSION = YES;
				CLANG_WARN_DEPRECATED_OBJC_IMPLEMENTATIONS = YES;
				CLANG_WARN_DIRECT_OBJC_ISA_USAGE = YES_ERROR;
				CLANG_WARN_EMPTY_BODY = YES;
				CLANG_WARN_ENUM_CONVERSION = YES;
				CLANG_WARN_IMPLICIT_SIGN_CONVERSION = YES;
				CLANG_WARN_INFINITE_RECURSION = YES;
				CLANG_WARN_INT_CONVERSION = YES;
				CLANG_WARN_NULLABLE_TO_NONNULL_CONVERSION = YES;
				CLANG_WARN_OBJC_EXPLICIT_OWNERSHIP_TYPE = YES;
				CLANG_WARN_OBJC_IMPLICIT_ATOMIC_PROPERTIES = YES;
				CLANG_WARN_OBJC_IMPLICIT_RETAIN_SELF = YES;
				CLANG_WARN_OBJC_REPEATED_USE_OF_WEAK = YES;
				CLANG_WARN_OBJC_ROOT_CLASS = YES_ERROR;
				CLANG_WARN_SUSPICIOUS_MOVE = YES;
				CLANG_WARN_UNREACHABLE_CODE = YES_AGGRESSIVE;
				CLANG_WARN__DUPLICATE_METHOD_MATCH = YES;
				COPY_PHASE_STRIP = NO;
				CURRENT_PROJECT_VERSION = 1;
				DEBUG_INFORMATION_FORMAT = "dwarf-with-dsym";
				ENABLE_NS_ASSERTIONS = NO;
				ENABLE_STRICT_OBJC_MSGSEND = YES;
				GCC_C_LANGUAGE_STANDARD = gnu11;
				GCC_INLINES_ARE_PRIVATE_EXTERN = YES;
				GCC_NO_COMMON_BLOCKS = YES;
				GCC_TREAT_IMPLICIT_FUNCTION_DECLARATIONS_AS_ERRORS = YES;
				GCC_TREAT_INCOMPATIBLE_POINTER_TYPE_WARNINGS_AS_ERRORS = YES;
				GCC_WARN_64_TO_32_BIT_CONVERSION = YES;
				GCC_WARN_ABOUT_MISSING_FIELD_INITIALIZERS = YES;
				GCC_WARN_ABOUT_MISSING_NEWLINE = YES;
				GCC_WARN_ABOUT_MISSING_PROTOTYPES = YES;
				GCC_WARN_ABOUT_RETURN_TYPE = YES_ERROR;
				GCC_WARN_INITIALIZER_NOT_FULLY_BRACKETED = YES;
				GCC_WARN_NON_VIRTUAL_DESTRUCTOR = YES;
				GCC_WARN_SHADOW = YES;
				GCC_WARN_SIGN_COMPARE = YES;
				GCC_WARN_STRICT_SELECTOR_MATCH = YES;
				GCC_WARN_UNDECLARED_SELECTOR = YES;
				GCC_WARN_UNINITIALIZED_AUTOS = YES_AGGRESSIVE;
				GCC_WARN_UNKNOWN_PRAGMAS = YES;
				GCC_WARN_UNUSED_FUNCTION = YES;
				GCC_WARN_UNUSED_LABEL = YES;
				GCC_WARN_UNUSED_VARIABLE = YES;
				INFOPLIST_FILE = "$(SRCROOT)/$(TARGET_NAME)/Supporting Files/Info.plist";
				IPHONEOS_DEPLOYMENT_TARGET = 10.0;
				LLVM_LTO = YES;
				RUN_CLANG_STATIC_ANALYZER = YES;
				SDKROOT = iphoneos;
				SWIFT_VERSION = 4.0;
				TARGETED_DEVICE_FAMILY = "1,2";
				VALIDATE_PRODUCT = YES;
				VERSIONING_SYSTEM = "apple-generic";
				VERSION_INFO_PREFIX = "";
			};
			name = Release;
		};
		43D1BD891C9A115500A807F8 /* Debug */ = {
			isa = XCBuildConfiguration;
			buildSettings = {
				APPLICATION_EXTENSION_API_ONLY = YES;
				CLANG_ENABLE_MODULES = YES;
				DEFINES_MODULE = YES;
				DYLIB_COMPATIBILITY_VERSION = 1;
				DYLIB_CURRENT_VERSION = 1;
				DYLIB_INSTALL_NAME_BASE = "@rpath";
				INSTALL_PATH = "$(LOCAL_LIBRARY_DIR)/Frameworks";
				LD_RUNPATH_SEARCH_PATHS = "$(inherited) @executable_path/Frameworks @loader_path/Frameworks";
				PRODUCT_BUNDLE_IDENTIFIER = ru.byss.KBAPISupport;
				PRODUCT_NAME = "$(TARGET_NAME)";
				SWIFT_OPTIMIZATION_LEVEL = "-Onone";
			};
			name = Debug;
		};
		43D1BD8A1C9A115500A807F8 /* Release */ = {
			isa = XCBuildConfiguration;
			buildSettings = {
				APPLICATION_EXTENSION_API_ONLY = YES;
				CLANG_ENABLE_MODULES = YES;
				DEFINES_MODULE = YES;
				DYLIB_COMPATIBILITY_VERSION = 1;
				DYLIB_CURRENT_VERSION = 1;
				DYLIB_INSTALL_NAME_BASE = "@rpath";
				INSTALL_PATH = "$(LOCAL_LIBRARY_DIR)/Frameworks";
				LD_RUNPATH_SEARCH_PATHS = "$(inherited) @executable_path/Frameworks @loader_path/Frameworks";
				PRODUCT_BUNDLE_IDENTIFIER = ru.byss.KBAPISupport;
				PRODUCT_NAME = "$(TARGET_NAME)";
			};
			name = Release;
		};
/* End XCBuildConfiguration section */

/* Begin XCConfigurationList section */
		43D1BD7A1C9A115500A807F8 /* Build configuration list for PBXProject "KBAPISupport" */ = {
			isa = XCConfigurationList;
			buildConfigurations = (
				43D1BD861C9A115500A807F8 /* Debug */,
				43D1BD871C9A115500A807F8 /* Release */,
			);
			defaultConfigurationIsVisible = 0;
			defaultConfigurationName = Release;
		};
		43D1BD881C9A115500A807F8 /* Build configuration list for PBXNativeTarget "KBAPISupport" */ = {
			isa = XCConfigurationList;
			buildConfigurations = (
				43D1BD891C9A115500A807F8 /* Debug */,
				43D1BD8A1C9A115500A807F8 /* Release */,
			);
			defaultConfigurationIsVisible = 0;
			defaultConfigurationName = Release;
		};
/* End XCConfigurationList section */
	};
	rootObject = 43D1BD771C9A115500A807F8 /* Project object */;
}
